
Microsoft Visual Studio Solution File, Format Version 12.00
# Visual Studio Version 17
VisualStudioVersion = 17.4.33110.190
MinimumVisualStudioVersion = 10.0.40219.1
Project("{FAE04EC0-301F-11D3-BF4B-00C04F79EFBC}") = "HoangTienDung_2080600008_BigSchool", "HoangTienDung_2080600008_BigSchool\HoangTienDung_2080600008_BigSchool.csproj", "{6C3441BE-349C-4093-BBBE-9D55DDFE3288}"
EndProject
Global
	GlobalSection(SolutionConfigurationPlatforms) = preSolution
		Debug|Any CPU = Debug|Any CPU
		Release|Any CPU = Release|Any CPU
	EndGlobalSection
	GlobalSection(ProjectConfigurationPlatforms) = postSolution
		{6C3441BE-349C-4093-BBBE-9D55DDFE3288}.Debug|Any CPU.ActiveCfg = Debug|Any CPU
		{6C3441BE-349C-4093-BBBE-9D55DDFE3288}.Debug|Any CPU.Build.0 = Debug|Any CPU
		{6C3441BE-349C-4093-BBBE-9D55DDFE3288}.Release|Any CPU.ActiveCfg = Release|Any CPU
		{6C3441BE-349C-4093-BBBE-9D55DDFE3288}.Release|Any CPU.Build.0 = Release|Any CPU
	EndGlobalSection
	GlobalSection(SolutionProperties) = preSolution
		HideSolutionNode = FALSE
	EndGlobalSection
	GlobalSection(ExtensibilityGlobals) = postSolution
		SolutionGuid = {D5469F14-52BE-4817-BC3C-1A4191AD7EF0}
	EndGlobalSection
EndGlobal
